
Microsoft Visual Studio Solution File, Format Version 12.00
# Visual Studio 14
VisualStudioVersion = 14.0.25420.1
MinimumVisualStudioVersion = 10.0.40219.1
Project("{8BC9CEB8-8B4A-11D0-8D11-00A0C91BC942}") = "goombasav", "goombasav.vcxproj", "{705A80A7-65C4-4C28-A081-6571D96125FF}"
EndProject
Project("{8BC9CEB8-8B4A-11D0-8D11-00A0C91BC942}") = "goombasav_gtk", "goombasav_gtk\goombasav_gtk.vcxproj", "{E1CF112F-A1A9-4F78-B083-C70E41295914}"
EndProject
Project("{FAE04EC0-301F-11D3-BF4B-00C04F79EFBC}") = "goombasav_cs", "goombasav_cs\goombasav_cs.csproj", "{DA7820F8-9E2A-4A17-AC7C-713A21181411}"
EndProject
Project("{8BC9CEB8-8B4A-11D0-8D11-00A0C91BC942}") = "goombasav_net", "goombasav_net\goombasav_net.vcxproj", "{4C762AA4-B552-4CAC-96AA-6DF008B39DE8}"
EndProject
Project("{8BC9CEB8-8B4A-11D0-8D11-00A0C91BC942}") = "gbaromextract", "gbaromextract.vcxproj", "{C422717A-0222-4CE0-8EB2-52C31D7EED19}"
EndProject
Global
	GlobalSection(SolutionConfigurationPlatforms) = preSolution
		Debug|Any CPU = Debug|Any CPU
		Debug|Mixed Platforms = Debug|Mixed Platforms
		Debug|Win32 = Debug|Win32
		Release|Any CPU = Release|Any CPU
		Release|Mixed Platforms = Release|Mixed Platforms
		Release|Win32 = Release|Win32
	EndGlobalSection
	GlobalSection(ProjectConfigurationPlatforms) = postSolution
		{705A80A7-65C4-4C28-A081-6571D96125FF}.Debug|Any CPU.ActiveCfg = Debug|Win32
		{705A80A7-65C4-4C28-A081-6571D96125FF}.Debug|Mixed Platforms.ActiveCfg = Debug|Win32
		{705A80A7-65C4-4C28-A081-6571D96125FF}.Debug|Mixed Platforms.Build.0 = Debug|Win32
		{705A80A7-65C4-4C28-A081-6571D96125FF}.Debug|Win32.ActiveCfg = Debug|Win32
		{705A80A7-65C4-4C28-A081-6571D96125FF}.Debug|Win32.Build.0 = Debug|Win32
		{705A80A7-65C4-4C28-A081-6571D96125FF}.Release|Any CPU.ActiveCfg = Release|Win32
		{705A80A7-65C4-4C28-A081-6571D96125FF}.Release|Mixed Platforms.ActiveCfg = Release|Win32
		{705A80A7-65C4-4C28-A081-6571D96125FF}.Release|Mixed Platforms.Build.0 = Release|Win32
		{705A80A7-65C4-4C28-A081-6571D96125FF}.Release|Win32.ActiveCfg = Release|Win32
		{705A80A7-65C4-4C28-A081-6571D96125FF}.Release|Win32.Build.0 = Release|Win32
		{E1CF112F-A1A9-4F78-B083-C70E41295914}.Debug|Any CPU.ActiveCfg = Debug|Win32
		{E1CF112F-A1A9-4F78-B083-C70E41295914}.Debug|Mixed Platforms.ActiveCfg = Debug|Win32
		{E1CF112F-A1A9-4F78-B083-C70E41295914}.Debug|Mixed Platforms.Build.0 = Debug|Win32
		{E1CF112F-A1A9-4F78-B083-C70E41295914}.Debug|Win32.ActiveCfg = Debug|Win32
		{E1CF112F-A1A9-4F78-B083-C70E41295914}.Debug|Win32.Build.0 = Debug|Win32
		{E1CF112F-A1A9-4F78-B083-C70E41295914}.Release|Any CPU.ActiveCfg = Release|Win32
		{E1CF112F-A1A9-4F78-B083-C70E41295914}.Release|Mixed Platforms.ActiveCfg = Release|Win32
		{E1CF112F-A1A9-4F78-B083-C70E41295914}.Release|Mixed Platforms.Build.0 = Release|Win32
		{E1CF112F-A1A9-4F78-B083-C70E41295914}.Release|Win32.ActiveCfg = Release|Win32
		{E1CF112F-A1A9-4F78-B083-C70E41295914}.Release|Win32.Build.0 = Release|Win32
		{DA7820F8-9E2A-4A17-AC7C-713A21181411}.Debug|Any CPU.ActiveCfg = Debug|Any CPU
		{DA7820F8-9E2A-4A17-AC7C-713A21181411}.Debug|Any CPU.Build.0 = Debug|Any CPU
		{DA7820F8-9E2A-4A17-AC7C-713A21181411}.Debug|Mixed Platforms.ActiveCfg = Debug|Any CPU
		{DA7820F8-9E2A-4A17-AC7C-713A21181411}.Debug|Mixed Platforms.Build.0 = Debug|Any CPU
		{DA7820F8-9E2A-4A17-AC7C-713A21181411}.Debug|Win32.ActiveCfg = Debug|Any CPU
		{DA7820F8-9E2A-4A17-AC7C-713A21181411}.Debug|Win32.Build.0 = Debug|Any CPU
		{DA7820F8-9E2A-4A17-AC7C-713A21181411}.Release|Any CPU.ActiveCfg = Release|Any CPU
		{DA7820F8-9E2A-4A17-AC7C-713A21181411}.Release|Any CPU.Build.0 = Release|Any CPU
		{DA7820F8-9E2A-4A17-AC7C-713A21181411}.Release|Mixed Platforms.ActiveCfg = Release|Any CPU
		{DA7820F8-9E2A-4A17-AC7C-713A21181411}.Release|Mixed Platforms.Build.0 = Release|Any CPU
		{DA7820F8-9E2A-4A17-AC7C-713A21181411}.Release|Win32.ActiveCfg = Release|Any CPU
		{4C762AA4-B552-4CAC-96AA-6DF008B39DE8}.Debug|Any CPU.ActiveCfg = Debug|Win32
		{4C762AA4-B552-4CAC-96AA-6DF008B39DE8}.Debug|Mixed Platforms.ActiveCfg = Debug|Win32
		{4C762AA4-B552-4CAC-96AA-6DF008B39DE8}.Debug|Mixed Platforms.Build.0 = Debug|Win32
		{4C762AA4-B552-4CAC-96AA-6DF008B39DE8}.Debug|Win32.ActiveCfg = Debug|Win32
		{4C762AA4-B552-4CAC-96AA-6DF008B39DE8}.Debug|Win32.Build.0 = Debug|Win32
		{4C762AA4-B552-4CAC-96AA-6DF008B39DE8}.Release|Any CPU.ActiveCfg = Release|Win32
		{4C762AA4-B552-4CAC-96AA-6DF008B39DE8}.Release|Mixed Platforms.ActiveCfg = Release|Win32
		{4C762AA4-B552-4CAC-96AA-6DF008B39DE8}.Release|Mixed Platforms.Build.0 = Release|Win32
		{4C762AA4-B552-4CAC-96AA-6DF008B39DE8}.Release|Win32.ActiveCfg = Release|Win32
		{4C762AA4-B552-4CAC-96AA-6DF008B39DE8}.Release|Win32.Build.0 = Release|Win32
		{C422717A-0222-4CE0-8EB2-52C31D7EED19}.Debug|Any CPU.ActiveCfg = Debug|Win32
		{C422717A-0222-4CE0-8EB2-52C31D7EED19}.Debug|Mixed Platforms.ActiveCfg = Debug|Win32
		{C422717A-0222-4CE0-8EB2-52C31D7EED19}.Debug|Mixed Platforms.Build.0 = Debug|Win32
		{C422717A-0222-4CE0-8EB2-52C31D7EED19}.Debug|Win32.ActiveCfg = Debug|Win32
		{C422717A-0222-4CE0-8EB2-52C31D7EED19}.Debug|Win32.Build.0 = Debug|Win32
		{C422717A-0222-4CE0-8EB2-52C31D7EED19}.Release|Any CPU.ActiveCfg = Release|Win32
		{C422717A-0222-4CE0-8EB2-52C31D7EED19}.Release|Mixed Platforms.ActiveCfg = Release|Win32
		{C422717A-0222-4CE0-8EB2-52C31D7EED19}.Release|Mixed Platforms.Build.0 = Release|Win32
		{C422717A-0222-4CE0-8EB2-52C31D7EED19}.Release|Win32.ActiveCfg = Release|Win32
		{C422717A-0222-4CE0-8EB2-52C31D7EED19}.Release|Win32.Build.0 = Release|Win32
	EndGlobalSection
	GlobalSection(SolutionProperties) = preSolution
		HideSolutionNode = FALSE
	EndGlobalSection
EndGlobal
